
Microsoft Visual Studio Solution File, Format Version 12.00
# Visual Studio Version 16
VisualStudioVersion = 16.0.30717.126
MinimumVisualStudioVersion = 10.0.40219.1
Project("{9A19103F-16F7-4668-BE54-9A1E7A4F7556}") = "AdventCode1", "AdventCode1\AdventCode1.csproj", "{9C48FE5C-BF8A-4A7A-B62B-4B0758840D0C}"
EndProject
Project("{9A19103F-16F7-4668-BE54-9A1E7A4F7556}") = "AdventCode2", "AdventCode2\AdventCode2.csproj", "{C77B3C65-FA25-4CF8-B2FF-E67B4A3BBCB2}"
EndProject
Project("{9A19103F-16F7-4668-BE54-9A1E7A4F7556}") = "AdventCode.Shared", "AdventCode.Shared\AdventCode.Shared.csproj", "{8DA3E530-8CCF-45A9-98B0-39F7AE1F16C7}"
EndProject
Global
	GlobalSection(SolutionConfigurationPlatforms) = preSolution
		Debug|Any CPU = Debug|Any CPU
		Release|Any CPU = Release|Any CPU
	EndGlobalSection
	GlobalSection(ProjectConfigurationPlatforms) = postSolution
		{9C48FE5C-BF8A-4A7A-B62B-4B0758840D0C}.Debug|Any CPU.ActiveCfg = Debug|Any CPU
		{9C48FE5C-BF8A-4A7A-B62B-4B0758840D0C}.Debug|Any CPU.Build.0 = Debug|Any CPU
		{9C48FE5C-BF8A-4A7A-B62B-4B0758840D0C}.Release|Any CPU.ActiveCfg = Release|Any CPU
		{9C48FE5C-BF8A-4A7A-B62B-4B0758840D0C}.Release|Any CPU.Build.0 = Release|Any CPU
		{C77B3C65-FA25-4CF8-B2FF-E67B4A3BBCB2}.Debug|Any CPU.ActiveCfg = Debug|Any CPU
		{C77B3C65-FA25-4CF8-B2FF-E67B4A3BBCB2}.Debug|Any CPU.Build.0 = Debug|Any CPU
		{C77B3C65-FA25-4CF8-B2FF-E67B4A3BBCB2}.Release|Any CPU.ActiveCfg = Release|Any CPU
		{C77B3C65-FA25-4CF8-B2FF-E67B4A3BBCB2}.Release|Any CPU.Build.0 = Release|Any CPU
		{8DA3E530-8CCF-45A9-98B0-39F7AE1F16C7}.Debug|Any CPU.ActiveCfg = Debug|Any CPU
		{8DA3E530-8CCF-45A9-98B0-39F7AE1F16C7}.Debug|Any CPU.Build.0 = Debug|Any CPU
		{8DA3E530-8CCF-45A9-98B0-39F7AE1F16C7}.Release|Any CPU.ActiveCfg = Release|Any CPU
		{8DA3E530-8CCF-45A9-98B0-39F7AE1F16C7}.Release|Any CPU.Build.0 = Release|Any CPU
	EndGlobalSection
	GlobalSection(SolutionProperties) = preSolution
		HideSolutionNode = FALSE
	EndGlobalSection
	GlobalSection(ExtensibilityGlobals) = postSolution
		SolutionGuid = {5F2730DB-D226-470E-BD4A-D6F75F88C90A}
	EndGlobalSection
EndGlobal
