
Microsoft Visual Studio Solution File, Format Version 12.00
# Visual Studio Version 16
VisualStudioVersion = 16.0.30717.126
MinimumVisualStudioVersion = 10.0.40219.1
Project("{9A19103F-16F7-4668-BE54-9A1E7A4F7556}") = "AdventCode1", "AdventCode1\AdventCode1.csproj", "{9C48FE5C-BF8A-4A7A-B62B-4B0758840D0C}"
EndProject
Project("{9A19103F-16F7-4668-BE54-9A1E7A4F7556}") = "AdventCode2", "AdventCode2\AdventCode2.csproj", "{C77B3C65-FA25-4CF8-B2FF-E67B4A3BBCB2}"
EndProject
Project("{9A19103F-16F7-4668-BE54-9A1E7A4F7556}") = "AdventCode.Shared", "AdventCode.Shared\AdventCode.Shared.csproj", "{8DA3E530-8CCF-45A9-98B0-39F7AE1F16C7}"
EndProject
Project("{FAE04EC0-301F-11D3-BF4B-00C04F79EFBC}") = "AdventCode3", "AdventCode3\AdventCode3.csproj", "{809AFD59-9418-4B3A-9D59-EB79CA8A4B17}"
EndProject
Project("{FAE04EC0-301F-11D3-BF4B-00C04F79EFBC}") = "AdventCode4", "AdventCode4\AdventCode4.csproj", "{0BB5F220-CB45-44EE-9981-E28D2039F4AF}"
EndProject
Project("{FAE04EC0-301F-11D3-BF4B-00C04F79EFBC}") = "AdventCode5", "AdventCode5\AdventCode5.csproj", "{B5D8D79B-50A2-43C8-9EFC-8B36D3280B46}"
EndProject
Project("{FAE04EC0-301F-11D3-BF4B-00C04F79EFBC}") = "AdventCode6", "AdventCode6\AdventCode6.csproj", "{7965168B-08BD-4135-97FA-E089B3C65878}"
EndProject
Project("{FAE04EC0-301F-11D3-BF4B-00C04F79EFBC}") = "AdventCode8", "AdventCode8\AdventCode8.csproj", "{96C1400E-1255-49E3-A186-5293A7AD0BEB}"
EndProject
Project("{FAE04EC0-301F-11D3-BF4B-00C04F79EFBC}") = "AdventCode9", "AdventCode9\AdventCode9.csproj", "{425A33C9-A249-46C9-B5A6-A95533D7A189}"
EndProject
Project("{FAE04EC0-301F-11D3-BF4B-00C04F79EFBC}") = "AdventCode7", "AdventCode7\AdventCode7.csproj", "{4DA08C61-911B-4E2E-B6A0-5D158D5F8016}"
EndProject
Global
	GlobalSection(SolutionConfigurationPlatforms) = preSolution
		Debug|Any CPU = Debug|Any CPU
		Release|Any CPU = Release|Any CPU
	EndGlobalSection
	GlobalSection(ProjectConfigurationPlatforms) = postSolution
		{9C48FE5C-BF8A-4A7A-B62B-4B0758840D0C}.Debug|Any CPU.ActiveCfg = Debug|Any CPU
		{9C48FE5C-BF8A-4A7A-B62B-4B0758840D0C}.Debug|Any CPU.Build.0 = Debug|Any CPU
		{9C48FE5C-BF8A-4A7A-B62B-4B0758840D0C}.Release|Any CPU.ActiveCfg = Release|Any CPU
		{9C48FE5C-BF8A-4A7A-B62B-4B0758840D0C}.Release|Any CPU.Build.0 = Release|Any CPU
		{C77B3C65-FA25-4CF8-B2FF-E67B4A3BBCB2}.Debug|Any CPU.ActiveCfg = Debug|Any CPU
		{C77B3C65-FA25-4CF8-B2FF-E67B4A3BBCB2}.Debug|Any CPU.Build.0 = Debug|Any CPU
		{C77B3C65-FA25-4CF8-B2FF-E67B4A3BBCB2}.Release|Any CPU.ActiveCfg = Release|Any CPU
		{C77B3C65-FA25-4CF8-B2FF-E67B4A3BBCB2}.Release|Any CPU.Build.0 = Release|Any CPU
		{8DA3E530-8CCF-45A9-98B0-39F7AE1F16C7}.Debug|Any CPU.ActiveCfg = Debug|Any CPU
		{8DA3E530-8CCF-45A9-98B0-39F7AE1F16C7}.Debug|Any CPU.Build.0 = Debug|Any CPU
		{8DA3E530-8CCF-45A9-98B0-39F7AE1F16C7}.Release|Any CPU.ActiveCfg = Release|Any CPU
		{8DA3E530-8CCF-45A9-98B0-39F7AE1F16C7}.Release|Any CPU.Build.0 = Release|Any CPU
		{809AFD59-9418-4B3A-9D59-EB79CA8A4B17}.Debug|Any CPU.ActiveCfg = Debug|Any CPU
		{809AFD59-9418-4B3A-9D59-EB79CA8A4B17}.Debug|Any CPU.Build.0 = Debug|Any CPU
		{809AFD59-9418-4B3A-9D59-EB79CA8A4B17}.Release|Any CPU.ActiveCfg = Release|Any CPU
		{809AFD59-9418-4B3A-9D59-EB79CA8A4B17}.Release|Any CPU.Build.0 = Release|Any CPU
		{0BB5F220-CB45-44EE-9981-E28D2039F4AF}.Debug|Any CPU.ActiveCfg = Debug|Any CPU
		{0BB5F220-CB45-44EE-9981-E28D2039F4AF}.Debug|Any CPU.Build.0 = Debug|Any CPU
		{0BB5F220-CB45-44EE-9981-E28D2039F4AF}.Release|Any CPU.ActiveCfg = Release|Any CPU
		{0BB5F220-CB45-44EE-9981-E28D2039F4AF}.Release|Any CPU.Build.0 = Release|Any CPU
		{B5D8D79B-50A2-43C8-9EFC-8B36D3280B46}.Debug|Any CPU.ActiveCfg = Debug|Any CPU
		{B5D8D79B-50A2-43C8-9EFC-8B36D3280B46}.Debug|Any CPU.Build.0 = Debug|Any CPU
		{B5D8D79B-50A2-43C8-9EFC-8B36D3280B46}.Release|Any CPU.ActiveCfg = Release|Any CPU
		{B5D8D79B-50A2-43C8-9EFC-8B36D3280B46}.Release|Any CPU.Build.0 = Release|Any CPU
		{7965168B-08BD-4135-97FA-E089B3C65878}.Debug|Any CPU.ActiveCfg = Debug|Any CPU
		{7965168B-08BD-4135-97FA-E089B3C65878}.Debug|Any CPU.Build.0 = Debug|Any CPU
		{7965168B-08BD-4135-97FA-E089B3C65878}.Release|Any CPU.ActiveCfg = Release|Any CPU
		{7965168B-08BD-4135-97FA-E089B3C65878}.Release|Any CPU.Build.0 = Release|Any CPU
		{96C1400E-1255-49E3-A186-5293A7AD0BEB}.Debug|Any CPU.ActiveCfg = Debug|Any CPU
		{96C1400E-1255-49E3-A186-5293A7AD0BEB}.Debug|Any CPU.Build.0 = Debug|Any CPU
		{96C1400E-1255-49E3-A186-5293A7AD0BEB}.Release|Any CPU.ActiveCfg = Release|Any CPU
		{96C1400E-1255-49E3-A186-5293A7AD0BEB}.Release|Any CPU.Build.0 = Release|Any CPU
		{425A33C9-A249-46C9-B5A6-A95533D7A189}.Debug|Any CPU.ActiveCfg = Debug|Any CPU
		{425A33C9-A249-46C9-B5A6-A95533D7A189}.Debug|Any CPU.Build.0 = Debug|Any CPU
		{425A33C9-A249-46C9-B5A6-A95533D7A189}.Release|Any CPU.ActiveCfg = Release|Any CPU
		{425A33C9-A249-46C9-B5A6-A95533D7A189}.Release|Any CPU.Build.0 = Release|Any CPU
		{4DA08C61-911B-4E2E-B6A0-5D158D5F8016}.Debug|Any CPU.ActiveCfg = Debug|Any CPU
		{4DA08C61-911B-4E2E-B6A0-5D158D5F8016}.Debug|Any CPU.Build.0 = Debug|Any CPU
		{4DA08C61-911B-4E2E-B6A0-5D158D5F8016}.Release|Any CPU.ActiveCfg = Release|Any CPU
		{4DA08C61-911B-4E2E-B6A0-5D158D5F8016}.Release|Any CPU.Build.0 = Release|Any CPU
	EndGlobalSection
	GlobalSection(SolutionProperties) = preSolution
		HideSolutionNode = FALSE
	EndGlobalSection
	GlobalSection(ExtensibilityGlobals) = postSolution
		SolutionGuid = {5F2730DB-D226-470E-BD4A-D6F75F88C90A}
	EndGlobalSection
EndGlobal
